
Microsoft Visual Studio Solution File, Format Version 12.00
# Visual Studio Version 16
VisualStudioVersion = 16.0.29519.87
MinimumVisualStudioVersion = 10.0.40219.1
Project("{FAE04EC0-301F-11D3-BF4B-00C04F79EFBC}") = "core+ts", "core+ts\core+ts.csproj", "{3D100189-7A43-4C5F-9FF9-BCD855778F2B}"
EndProject
Global
	GlobalSection(SolutionConfigurationPlatforms) = preSolution
		Debug|Any CPU = Debug|Any CPU
		Release|Any CPU = Release|Any CPU
	EndGlobalSection
	GlobalSection(ProjectConfigurationPlatforms) = postSolution
		{3D100189-7A43-4C5F-9FF9-BCD855778F2B}.Debug|Any CPU.ActiveCfg = Debug|Any CPU
		{3D100189-7A43-4C5F-9FF9-BCD855778F2B}.Debug|Any CPU.Build.0 = Debug|Any CPU
		{3D100189-7A43-4C5F-9FF9-BCD855778F2B}.Release|Any CPU.ActiveCfg = Release|Any CPU
		{3D100189-7A43-4C5F-9FF9-BCD855778F2B}.Release|Any CPU.Build.0 = Release|Any CPU
	EndGlobalSection
	GlobalSection(SolutionProperties) = preSolution
		HideSolutionNode = FALSE
	EndGlobalSection
	GlobalSection(ExtensibilityGlobals) = postSolution
		SolutionGuid = {B60A6EF1-0560-43D8-B9E9-F72C4ED0551B}
	EndGlobalSection
EndGlobal
